schema: '2.0'
stages:
  get_data:
    cmd: python scripts/random_data.py
    deps:
    - path: scripts/random_data.py
      hash: md5
      md5: a711f005b1969df98b373bda43b5d62a
      size: 3023
    - path: trigger.txt
      hash: md5
      md5: 815726632cb3e2a9faa58a1bac7bca0e
      size: 29
  process_data:
    cmd: python scripts/preprocess_data.py
    deps:
    - path: data/raw/sensor_data.csv
      hash: md5
      md5: d14d0377a484e4883aef9f3606ca166a
      size: 1065615
    - path: scripts/preprocess_data.py
      hash: md5
      md5: 7bbd2bfeac14e84f9fa3401bb7857ba5
      size: 2001
  triggers:
    cmd: date +"%Y-%m-%d %H:%M:%S" > trigger.txt
  train_model:
    cmd: python scripts/train_model.py data/processed/train/train.csv data/processed/test/test.csv
      model/random_forest_model.joblib
    deps:
    - path: data/processed/test/test.csv
      hash: md5
      md5: a520a2fda8dd99677fb99bc5ddeb6a85
      size: 147515
    - path: data/processed/train/train.csv
      hash: md5
      md5: 99c74af4fa227a322a4cc812548abe26
      size: 589770
    - path: scripts/train_model.py
      hash: md5
      md5: 8fa3747567193abb8dc39e23e845a782
      size: 2444
