schema: '2.0'
stages:
  get_data:
    cmd: python scripts/random_data.py
    deps:
    - path: scripts/random_data.py
      hash: md5
      md5: a711f005b1969df98b373bda43b5d62a
      size: 3023
    - path: trigger.txt
      hash: md5
      md5: ebe39013278487c46bf9e9aaf45eed45
      size: 29
  process_data:
    cmd: python scripts/preprocess_data.py
    deps:
    - path: data/raw/sensor_data.csv
      hash: md5
      md5: 40ab5317745918cf10baad767e2ca8fa
      size: 1141339
    - path: scripts/preprocess_data.py
      hash: md5
      md5: 7bbd2bfeac14e84f9fa3401bb7857ba5
      size: 2001
  triggers:
    cmd: date +"%Y-%m-%d %H:%M:%S" > trigger.txt
  train_model:
    cmd: python scripts/train_model.py data/processed/train/train.csv data/processed/test/test.csv
      model/random_forest_model.joblib
    deps:
    - path: data/processed/test/test.csv
      hash: md5
      md5: e59c7d05e3b5c33dd13697823c7c1112
      size: 160255
    - path: data/processed/train/train.csv
      hash: md5
      md5: 81156caad2d78189a4d88bf937e0c123
      size: 640914
    - path: scripts/train_model.py
      hash: md5
      md5: 8fa3747567193abb8dc39e23e845a782
      size: 2444
