schema: '2.0'
stages:
  get_data:
    cmd: python scripts/random_data.py
    deps:
    - path: scripts/random_data.py
      hash: md5
      md5: f33a675155229997e252814ae610f9f3
      size: 2768
    - path: trigger.txt
      hash: md5
      md5: b10bbb842766588f83881cc2ce6e775f
      size: 29
  process_data:
    cmd: python scripts/preprocess_data.py
    deps:
    - path: data/raw/sensor_data.csv
      hash: md5
      md5: a1404ec2401aa715457acc196fe36c7d
      size: 638170
    - path: scripts/preprocess_data.py
      hash: md5
      md5: 7bbd2bfeac14e84f9fa3401bb7857ba5
      size: 2001
  triggers:
    cmd: date +"%Y-%m-%d %H:%M:%S" > trigger.txt
  train_model:
    cmd: python scripts/train_model.py data/processed/train/train.csv data/processed/test/test.csv
      scripts/random_forest_model.joblib
    deps:
    - path: data/processed/test/test.csv
      hash: md5
      md5: 097d87adfaab1e58d79b95e690390454
      size: 93882
    - path: data/processed/train/train.csv
      hash: md5
      md5: 96ccb35c47e8ae9e5df29df1bbe61bbf
      size: 375538
    - path: scripts/train_model.py
      hash: md5
      md5: 0a745ecc002952f914e0bf53300aac72
      size: 1913
